{
  "name": "LaMuzeu",
  "version": "0.0.1",
  "lockfileVersion": 1,
  "requires": true,
  "dependencies": {
    "react-native-splash-screen": {
      "version": "3.0.6",
      "resolved": "https://registry.npmjs.org/react-native-splash-screen/-/react-native-splash-screen-3.0.6.tgz",
      "integrity": "sha512-yaTnGAHRyhduLSfD85gP3Vsf0BRePHW3aNNtDXbkbUhwIIeafu2cJH86U/qKFuKLMYLnFOXteOkP80gaYVGAYg=="
    }
  }
}
